
Microsoft Visual Studio Solution File, Format Version 12.00
# Visual Studio 15
VisualStudioVersion = 15.0.27428.2037
MinimumVisualStudioVersion = 10.0.40219.1
Project("{FAE04EC0-301F-11D3-BF4B-00C04F79EFBC}") = "PersonalIdEGN", "PersonalIdEGN\PersonalIdEGN.csproj", "{DE774F45-3036-430B-8BD3-CB7C7A6704A4}"
EndProject
Global
	GlobalSection(SolutionConfigurationPlatforms) = preSolution
		Debug|Any CPU = Debug|Any CPU
		Release|Any CPU = Release|Any CPU
	EndGlobalSection
	GlobalSection(ProjectConfigurationPlatforms) = postSolution
		{DE774F45-3036-430B-8BD3-CB7C7A6704A4}.Debug|Any CPU.ActiveCfg = Debug|Any CPU
		{DE774F45-3036-430B-8BD3-CB7C7A6704A4}.Debug|Any CPU.Build.0 = Debug|Any CPU
		{DE774F45-3036-430B-8BD3-CB7C7A6704A4}.Release|Any CPU.ActiveCfg = Release|Any CPU
		{DE774F45-3036-430B-8BD3-CB7C7A6704A4}.Release|Any CPU.Build.0 = Release|Any CPU
	EndGlobalSection
	GlobalSection(SolutionProperties) = preSolution
		HideSolutionNode = FALSE
	EndGlobalSection
	GlobalSection(ExtensibilityGlobals) = postSolution
		SolutionGuid = {86BB49A0-5F4D-4DE2-8ABE-C4C79ED69581}
	EndGlobalSection
EndGlobal
